
Microsoft Visual Studio Solution File, Format Version 12.00
# Visual Studio Version 17
VisualStudioVersion = 17.14.36127.28 d17.14
MinimumVisualStudioVersion = 10.0.40219.1
Project("{FAE04EC0-301F-11D3-BF4B-00C04F79EFBC}") = "PreLab1", "PreLab1.csproj", "{632AE14E-3CC7-4861-9AC8-A8937E0F363D}"
EndProject
Global
	GlobalSection(SolutionConfigurationPlatforms) = preSolution
		Debug|Any CPU = Debug|Any CPU
		Release|Any CPU = Release|Any CPU
	EndGlobalSection
	GlobalSection(ProjectConfigurationPlatforms) = postSolution
		{632AE14E-3CC7-4861-9AC8-A8937E0F363D}.Debug|Any CPU.ActiveCfg = Debug|Any CPU
		{632AE14E-3CC7-4861-9AC8-A8937E0F363D}.Debug|Any CPU.Build.0 = Debug|Any CPU
		{632AE14E-3CC7-4861-9AC8-A8937E0F363D}.Release|Any CPU.ActiveCfg = Release|Any CPU
		{632AE14E-3CC7-4861-9AC8-A8937E0F363D}.Release|Any CPU.Build.0 = Release|Any CPU
	EndGlobalSection
	GlobalSection(SolutionProperties) = preSolution
		HideSolutionNode = FALSE
	EndGlobalSection
	GlobalSection(ExtensibilityGlobals) = postSolution
		SolutionGuid = {5014D8D4-5F90-4471-A4A6-DABF52A22CBC}
	EndGlobalSection
EndGlobal
